// !$*UTF8*$!
{
	archiveVersion = 1;
	classes = {
	};
	objectVersion = 50;
	objects = {

/* Begin PBXBuildFile section */
		D534235E219B82E300C2A352 /* main.cpp in Sources */ = {isa = PBXBuildFile; fileRef = D534235D219B82E300C2A352 /* main.cpp */; };
		D534236D219B831A00C2A352 /* shader.cpp in Sources */ = {isa = PBXBuildFile; fileRef = D5342366219B831900C2A352 /* shader.cpp */; };
		D534236E219B831A00C2A352 /* Cube.cpp in Sources */ = {isa = PBXBuildFile; fileRef = D534236B219B831A00C2A352 /* Cube.cpp */; };
		D534236F219B831A00C2A352 /* Window.cpp in Sources */ = {isa = PBXBuildFile; fileRef = D534236C219B831A00C2A352 /* Window.cpp */; };
		D5342372219B837200C2A352 /* OpenGL.framework in Frameworks */ = {isa = PBXBuildFile; fileRef = D5342371219B837200C2A352 /* OpenGL.framework */; };
		D5342374219B838100C2A352 /* libglfw.3.2.dylib in Frameworks */ = {isa = PBXBuildFile; fileRef = D5342373219B838100C2A352 /* libglfw.3.2.dylib */; };
		D534238C219BB62400C2A352 /* OBJImage.cpp in Sources */ = {isa = PBXBuildFile; fileRef = D534238B219BB62300C2A352 /* OBJImage.cpp */; };
		D5419145219CF81A00E40222 /* OBJObject.cpp in Sources */ = {isa = PBXBuildFile; fileRef = D5419144219CF81A00E40222 /* OBJObject.cpp */; };
		D5419150219DEBC500E40222 /* Curve.cpp in Sources */ = {isa = PBXBuildFile; fileRef = D541914E219DEBC500E40222 /* Curve.cpp */; };
		D5419153219E002B00E40222 /* CurveTrack.cpp in Sources */ = {isa = PBXBuildFile; fileRef = D5419151219E002B00E40222 /* CurveTrack.cpp */; };
/* End PBXBuildFile section */

/* Begin PBXCopyFilesBuildPhase section */
		D5342358219B82E300C2A352 /* CopyFiles */ = {
			isa = PBXCopyFilesBuildPhase;
			buildActionMask = 2147483647;
			dstPath = /usr/share/man/man1/;
			dstSubfolderSpec = 0;
			files = (
			);
			runOnlyForDeploymentPostprocessing = 1;
		};
/* End PBXCopyFilesBuildPhase section */

/* Begin PBXFileReference section */
		D534235A219B82E300C2A352 /* CSE 167 */ = {isa = PBXFileReference; explicitFileType = "compiled.mach-o.executable"; includeInIndex = 0; path = "CSE 167"; sourceTree = BUILT_PRODUCTS_DIR; };
		D534235D219B82E300C2A352 /* main.cpp */ = {isa = PBXFileReference; lastKnownFileType = sourcecode.cpp.cpp; path = main.cpp; sourceTree = "<group>"; };
		D5342364219B831900C2A352 /* shader.vert */ = {isa = PBXFileReference; fileEncoding = 4; lastKnownFileType = sourcecode.glsl; path = shader.vert; sourceTree = "<group>"; };
		D5342365219B831900C2A352 /* Cube.h */ = {isa = PBXFileReference; fileEncoding = 4; lastKnownFileType = sourcecode.c.h; path = Cube.h; sourceTree = "<group>"; };
		D5342366219B831900C2A352 /* shader.cpp */ = {isa = PBXFileReference; fileEncoding = 4; lastKnownFileType = sourcecode.cpp.cpp; path = shader.cpp; sourceTree = "<group>"; };
		D5342367219B831A00C2A352 /* Window.h */ = {isa = PBXFileReference; fileEncoding = 4; lastKnownFileType = sourcecode.c.h; path = Window.h; sourceTree = "<group>"; };
		D5342368219B831A00C2A352 /* shader.frag */ = {isa = PBXFileReference; fileEncoding = 4; lastKnownFileType = sourcecode.glsl; path = shader.frag; sourceTree = "<group>"; };
		D5342369219B831A00C2A352 /* shader.h */ = {isa = PBXFileReference; fileEncoding = 4; lastKnownFileType = sourcecode.c.h; path = shader.h; sourceTree = "<group>"; };
		D534236A219B831A00C2A352 /* main.h */ = {isa = PBXFileReference; fileEncoding = 4; lastKnownFileType = sourcecode.c.h; path = main.h; sourceTree = "<group>"; };
		D534236B219B831A00C2A352 /* Cube.cpp */ = {isa = PBXFileReference; fileEncoding = 4; lastKnownFileType = sourcecode.cpp.cpp; path = Cube.cpp; sourceTree = "<group>"; };
		D534236C219B831A00C2A352 /* Window.cpp */ = {isa = PBXFileReference; fileEncoding = 4; lastKnownFileType = sourcecode.cpp.cpp; path = Window.cpp; sourceTree = "<group>"; };
		D5342371219B837200C2A352 /* OpenGL.framework */ = {isa = PBXFileReference; lastKnownFileType = wrapper.framework; name = OpenGL.framework; path = System/Library/Frameworks/OpenGL.framework; sourceTree = SDKROOT; };
		D5342373219B838100C2A352 /* libglfw.3.2.dylib */ = {isa = PBXFileReference; lastKnownFileType = "compiled.mach-o.dylib"; name = libglfw.3.2.dylib; path = "../../../../Developer/glfw-3.2.1/src/libglfw.3.2.dylib"; sourceTree = "<group>"; };
		D534238A219BB28E00C2A352 /* stb_image.h */ = {isa = PBXFileReference; fileEncoding = 4; lastKnownFileType = sourcecode.c.h; path = stb_image.h; sourceTree = "<group>"; };
		D534238B219BB62300C2A352 /* OBJImage.cpp */ = {isa = PBXFileReference; fileEncoding = 4; lastKnownFileType = sourcecode.cpp.cpp; path = OBJImage.cpp; sourceTree = "<group>"; };
		D5419140219CF10A00E40222 /* skybox.vert */ = {isa = PBXFileReference; fileEncoding = 4; lastKnownFileType = sourcecode.glsl; path = skybox.vert; sourceTree = "<group>"; };
		D5419142219CF12200E40222 /* skybox.frag */ = {isa = PBXFileReference; fileEncoding = 4; lastKnownFileType = sourcecode.glsl; path = skybox.frag; sourceTree = "<group>"; };
		D5419143219CF81900E40222 /* OBJObject.h */ = {isa = PBXFileReference; fileEncoding = 4; lastKnownFileType = sourcecode.c.h; path = OBJObject.h; sourceTree = "<group>"; };
		D5419144219CF81A00E40222 /* OBJObject.cpp */ = {isa = PBXFileReference; fileEncoding = 4; lastKnownFileType = sourcecode.cpp.cpp; path = OBJObject.cpp; sourceTree = "<group>"; };
		D5419147219D591400E40222 /* eyeball_s.obj */ = {isa = PBXFileReference; fileEncoding = 4; lastKnownFileType = text; path = eyeball_s.obj; sourceTree = "<group>"; };
		D541914E219DEBC500E40222 /* Curve.cpp */ = {isa = PBXFileReference; lastKnownFileType = sourcecode.cpp.cpp; path = Curve.cpp; sourceTree = "<group>"; };
		D541914F219DEBC500E40222 /* Curve.hpp */ = {isa = PBXFileReference; lastKnownFileType = sourcecode.cpp.h; path = Curve.hpp; sourceTree = "<group>"; };
		D5419151219E002B00E40222 /* CurveTrack.cpp */ = {isa = PBXFileReference; lastKnownFileType = sourcecode.cpp.cpp; path = CurveTrack.cpp; sourceTree = "<group>"; };
		D5419152219E002B00E40222 /* CurveTrack.hpp */ = {isa = PBXFileReference; lastKnownFileType = sourcecode.cpp.h; path = CurveTrack.hpp; sourceTree = "<group>"; };
		D5419154219E020D00E40222 /* track.vert */ = {isa = PBXFileReference; fileEncoding = 4; lastKnownFileType = sourcecode.glsl; path = track.vert; sourceTree = "<group>"; };
		D5419155219E020D00E40222 /* track.frag */ = {isa = PBXFileReference; fileEncoding = 4; lastKnownFileType = sourcecode.glsl; path = track.frag; sourceTree = "<group>"; };
/* End PBXFileReference section */

/* Begin PBXFrameworksBuildPhase section */
		D5342357219B82E300C2A352 /* Frameworks */ = {
			isa = PBXFrameworksBuildPhase;
			buildActionMask = 2147483647;
			files = (
				D5342374219B838100C2A352 /* libglfw.3.2.dylib in Frameworks */,
				D5342372219B837200C2A352 /* OpenGL.framework in Frameworks */,
			);
			runOnlyForDeploymentPostprocessing = 0;
		};
/* End PBXFrameworksBuildPhase section */

/* Begin PBXGroup section */
		D5342351219B82E300C2A352 = {
			isa = PBXGroup;
			children = (
				D534235C219B82E300C2A352 /* CSE 167 */,
				D534235B219B82E300C2A352 /* Products */,
				D5342370219B837100C2A352 /* Frameworks */,
			);
			sourceTree = "<group>";
		};
		D534235B219B82E300C2A352 /* Products */ = {
			isa = PBXGroup;
			children = (
				D534235A219B82E300C2A352 /* CSE 167 */,
			);
			name = Products;
			sourceTree = "<group>";
		};
		D534235C219B82E300C2A352 /* CSE 167 */ = {
			isa = PBXGroup;
			children = (
				D5419155219E020D00E40222 /* track.frag */,
				D5419154219E020D00E40222 /* track.vert */,
				D5419147219D591400E40222 /* eyeball_s.obj */,
				D5419144219CF81A00E40222 /* OBJObject.cpp */,
				D5419143219CF81900E40222 /* OBJObject.h */,
				D5419142219CF12200E40222 /* skybox.frag */,
				D5419140219CF10A00E40222 /* skybox.vert */,
				D534238B219BB62300C2A352 /* OBJImage.cpp */,
				D534238A219BB28E00C2A352 /* stb_image.h */,
				D534236B219B831A00C2A352 /* Cube.cpp */,
				D5342365219B831900C2A352 /* Cube.h */,
				D534236A219B831A00C2A352 /* main.h */,
				D5342366219B831900C2A352 /* shader.cpp */,
				D5342368219B831A00C2A352 /* shader.frag */,
				D5342369219B831A00C2A352 /* shader.h */,
				D5342364219B831900C2A352 /* shader.vert */,
				D534236C219B831A00C2A352 /* Window.cpp */,
				D5342367219B831A00C2A352 /* Window.h */,
				D534235D219B82E300C2A352 /* main.cpp */,
				D541914E219DEBC500E40222 /* Curve.cpp */,
				D541914F219DEBC500E40222 /* Curve.hpp */,
				D5419151219E002B00E40222 /* CurveTrack.cpp */,
				D5419152219E002B00E40222 /* CurveTrack.hpp */,
			);
			path = "CSE 167";
			sourceTree = "<group>";
		};
		D5342370219B837100C2A352 /* Frameworks */ = {
			isa = PBXGroup;
			children = (
				D5342373219B838100C2A352 /* libglfw.3.2.dylib */,
				D5342371219B837200C2A352 /* OpenGL.framework */,
			);
			name = Frameworks;
			sourceTree = "<group>";
		};
/* End PBXGroup section */

/* Begin PBXNativeTarget section */
		D5342359219B82E300C2A352 /* CSE 167 */ = {
			isa = PBXNativeTarget;
			buildConfigurationList = D5342361219B82E300C2A352 /* Build configuration list for PBXNativeTarget "CSE 167" */;
			buildPhases = (
				D5342356219B82E300C2A352 /* Sources */,
				D5342357219B82E300C2A352 /* Frameworks */,
				D5342358219B82E300C2A352 /* CopyFiles */,
			);
			buildRules = (
			);
			dependencies = (
			);
			name = "CSE 167";
			productName = "CSE 167";
			productReference = D534235A219B82E300C2A352 /* CSE 167 */;
			productType = "com.apple.product-type.tool";
		};
/* End PBXNativeTarget section */

/* Begin PBXProject section */
		D5342352219B82E300C2A352 /* Project object */ = {
			isa = PBXProject;
			attributes = {
				LastUpgradeCheck = 0930;
				ORGANIZATIONNAME = Dwei;
				TargetAttributes = {
					D5342359219B82E300C2A352 = {
						CreatedOnToolsVersion = 9.3;
					};
				};
			};
			buildConfigurationList = D5342355219B82E300C2A352 /* Build configuration list for PBXProject "CSE 167" */;
			compatibilityVersion = "Xcode 9.3";
			developmentRegion = en;
			hasScannedForEncodings = 0;
			knownRegions = (
				en,
			);
			mainGroup = D5342351219B82E300C2A352;
			productRefGroup = D534235B219B82E300C2A352 /* Products */;
			projectDirPath = "";
			projectRoot = "";
			targets = (
				D5342359219B82E300C2A352 /* CSE 167 */,
			);
		};
/* End PBXProject section */

/* Begin PBXSourcesBuildPhase section */
		D5342356219B82E300C2A352 /* Sources */ = {
			isa = PBXSourcesBuildPhase;
			buildActionMask = 2147483647;
			files = (
				D5419145219CF81A00E40222 /* OBJObject.cpp in Sources */,
				D5419153219E002B00E40222 /* CurveTrack.cpp in Sources */,
				D534236E219B831A00C2A352 /* Cube.cpp in Sources */,
				D534238C219BB62400C2A352 /* OBJImage.cpp in Sources */,
				D534236D219B831A00C2A352 /* shader.cpp in Sources */,
				D534235E219B82E300C2A352 /* main.cpp in Sources */,
				D534236F219B831A00C2A352 /* Window.cpp in Sources */,
				D5419150219DEBC500E40222 /* Curve.cpp in Sources */,
			);
			runOnlyForDeploymentPostprocessing = 0;
		};
/* End PBXSourcesBuildPhase section */

/* Begin XCBuildConfiguration section */
		D534235F219B82E300C2A352 /* Debug */ = {
			isa = XCBuildConfiguration;
			buildSettings = {
				ALWAYS_SEARCH_USER_PATHS = NO;
				CLANG_ANALYZER_NONNULL = YES;
				CLANG_ANALYZER_NUMBER_OBJECT_CONVERSION = YES_AGGRESSIVE;
				CLANG_CXX_LANGUAGE_STANDARD = "gnu++14";
				CLANG_CXX_LIBRARY = "libc++";
				CLANG_ENABLE_MODULES = YES;
				CLANG_ENABLE_OBJC_ARC = YES;
				CLANG_ENABLE_OBJC_WEAK = YES;
				CLANG_WARN_BLOCK_CAPTURE_AUTORELEASING = YES;
				CLANG_WARN_BOOL_CONVERSION = YES;
				CLANG_WARN_COMMA = YES;
				CLANG_WARN_CONSTANT_CONVERSION = YES;
				CLANG_WARN_DEPRECATED_OBJC_IMPLEMENTATIONS = YES;
				CLANG_WARN_DIRECT_OBJC_ISA_USAGE = YES_ERROR;
				CLANG_WARN_DOCUMENTATION_COMMENTS = YES;
				CLANG_WARN_EMPTY_BODY = YES;
				CLANG_WARN_ENUM_CONVERSION = YES;
				CLANG_WARN_INFINITE_RECURSION = YES;
				CLANG_WARN_INT_CONVERSION = YES;
				CLANG_WARN_NON_LITERAL_NULL_CONVERSION = YES;
				CLANG_WARN_OBJC_IMPLICIT_RETAIN_SELF = YES;
				CLANG_WARN_OBJC_LITERAL_CONVERSION = YES;
				CLANG_WARN_OBJC_ROOT_CLASS = YES_ERROR;
				CLANG_WARN_RANGE_LOOP_ANALYSIS = YES;
				CLANG_WARN_STRICT_PROTOTYPES = YES;
				CLANG_WARN_SUSPICIOUS_MOVE = YES;
				CLANG_WARN_UNGUARDED_AVAILABILITY = YES_AGGRESSIVE;
				CLANG_WARN_UNREACHABLE_CODE = YES;
				CLANG_WARN__DUPLICATE_METHOD_MATCH = YES;
				CODE_SIGN_IDENTITY = "-";
				COPY_PHASE_STRIP = NO;
				DEBUG_INFORMATION_FORMAT = dwarf;
				ENABLE_STRICT_OBJC_MSGSEND = YES;
				ENABLE_TESTABILITY = YES;
				GCC_C_LANGUAGE_STANDARD = gnu11;
				GCC_DYNAMIC_NO_PIC = NO;
				GCC_NO_COMMON_BLOCKS = YES;
				GCC_OPTIMIZATION_LEVEL = 0;
				GCC_PREPROCESSOR_DEFINITIONS = (
					"DEBUG=1",
					"$(inherited)",
				);
				GCC_WARN_64_TO_32_BIT_CONVERSION = YES;
				GCC_WARN_ABOUT_RETURN_TYPE = YES_ERROR;
				GCC_WARN_UNDECLARED_SELECTOR = YES;
				GCC_WARN_UNINITIALIZED_AUTOS = YES_AGGRESSIVE;
				GCC_WARN_UNUSED_FUNCTION = YES;
				GCC_WARN_UNUSED_VARIABLE = YES;
				MACOSX_DEPLOYMENT_TARGET = 10.13;
				MTL_ENABLE_DEBUG_INFO = YES;
				ONLY_ACTIVE_ARCH = YES;
				SDKROOT = macosx;
			};
			name = Debug;
		};
		D5342360219B82E300C2A352 /* Release */ = {
			isa = XCBuildConfiguration;
			buildSettings = {
				ALWAYS_SEARCH_USER_PATHS = NO;
				CLANG_ANALYZER_NONNULL = YES;
				CLANG_ANALYZER_NUMBER_OBJECT_CONVERSION = YES_AGGRESSIVE;
				CLANG_CXX_LANGUAGE_STANDARD = "gnu++14";
				CLANG_CXX_LIBRARY = "libc++";
				CLANG_ENABLE_MODULES = YES;
				CLANG_ENABLE_OBJC_ARC = YES;
				CLANG_ENABLE_OBJC_WEAK = YES;
				CLANG_WARN_BLOCK_CAPTURE_AUTORELEASING = YES;
				CLANG_WARN_BOOL_CONVERSION = YES;
				CLANG_WARN_COMMA = YES;
				CLANG_WARN_CONSTANT_CONVERSION = YES;
				CLANG_WARN_DEPRECATED_OBJC_IMPLEMENTATIONS = YES;
				CLANG_WARN_DIRECT_OBJC_ISA_USAGE = YES_ERROR;
				CLANG_WARN_DOCUMENTATION_COMMENTS = YES;
				CLANG_WARN_EMPTY_BODY = YES;
				CLANG_WARN_ENUM_CONVERSION = YES;
				CLANG_WARN_INFINITE_RECURSION = YES;
				CLANG_WARN_INT_CONVERSION = YES;
				CLANG_WARN_NON_LITERAL_NULL_CONVERSION = YES;
				CLANG_WARN_OBJC_IMPLICIT_RETAIN_SELF = YES;
				CLANG_WARN_OBJC_LITERAL_CONVERSION = YES;
				CLANG_WARN_OBJC_ROOT_CLASS = YES_ERROR;
				CLANG_WARN_RANGE_LOOP_ANALYSIS = YES;
				CLANG_WARN_STRICT_PROTOTYPES = YES;
				CLANG_WARN_SUSPICIOUS_MOVE = YES;
				CLANG_WARN_UNGUARDED_AVAILABILITY = YES_AGGRESSIVE;
				CLANG_WARN_UNREACHABLE_CODE = YES;
				CLANG_WARN__DUPLICATE_METHOD_MATCH = YES;
				CODE_SIGN_IDENTITY = "-";
				COPY_PHASE_STRIP = NO;
				DEBUG_INFORMATION_FORMAT = "dwarf-with-dsym";
				ENABLE_NS_ASSERTIONS = NO;
				ENABLE_STRICT_OBJC_MSGSEND = YES;
				GCC_C_LANGUAGE_STANDARD = gnu11;
				GCC_NO_COMMON_BLOCKS = YES;
				GCC_WARN_64_TO_32_BIT_CONVERSION = YES;
				GCC_WARN_ABOUT_RETURN_TYPE = YES_ERROR;
				GCC_WARN_UNDECLARED_SELECTOR = YES;
				GCC_WARN_UNINITIALIZED_AUTOS = YES_AGGRESSIVE;
				GCC_WARN_UNUSED_FUNCTION = YES;
				GCC_WARN_UNUSED_VARIABLE = YES;
				MACOSX_DEPLOYMENT_TARGET = 10.13;
				MTL_ENABLE_DEBUG_INFO = NO;
				SDKROOT = macosx;
			};
			name = Release;
		};
		D5342362219B82E300C2A352 /* Debug */ = {
			isa = XCBuildConfiguration;
			buildSettings = {
				CODE_SIGN_STYLE = Automatic;
				HEADER_SEARCH_PATHS = (
					/Developer/glm,
					"/Developer/glfw-3.2.1/include",
				);
				LIBRARY_SEARCH_PATHS = "/Developer/glfw-3.2.1/src";
				PRODUCT_NAME = "$(TARGET_NAME)";
			};
			name = Debug;
		};
		D5342363219B82E300C2A352 /* Release */ = {
			isa = XCBuildConfiguration;
			buildSettings = {
				CODE_SIGN_STYLE = Automatic;
				HEADER_SEARCH_PATHS = (
					/Developer/glm,
					"/Developer/glfw-3.2.1/include",
				);
				LIBRARY_SEARCH_PATHS = "/Developer/glfw-3.2.1/src";
				PRODUCT_NAME = "$(TARGET_NAME)";
			};
			name = Release;
		};
/* End XCBuildConfiguration section */

/* Begin XCConfigurationList section */
		D5342355219B82E300C2A352 /* Build configuration list for PBXProject "CSE 167" */ = {
			isa = XCConfigurationList;
			buildConfigurations = (
				D534235F219B82E300C2A352 /* Debug */,
				D5342360219B82E300C2A352 /* Release */,
			);
			defaultConfigurationIsVisible = 0;
			defaultConfigurationName = Release;
		};
		D5342361219B82E300C2A352 /* Build configuration list for PBXNativeTarget "CSE 167" */ = {
			isa = XCConfigurationList;
			buildConfigurations = (
				D5342362219B82E300C2A352 /* Debug */,
				D5342363219B82E300C2A352 /* Release */,
			);
			defaultConfigurationIsVisible = 0;
			defaultConfigurationName = Release;
		};
/* End XCConfigurationList section */
	};
	rootObject = D5342352219B82E300C2A352 /* Project object */;
}
